// !$*UTF8*$!
{
	archiveVersion = 1;
	classes = {
	};
	objectVersion = 50;
	objects = {

/* Begin PBXBuildFile section */
		9B2F604E216500DD00126281 /* Int.swift in Sources */ = {isa = PBXBuildFile; fileRef = 9B2F604D216500DD00126281 /* Int.swift */; };
		9B2F60502165078000126281 /* Collection.swift in Sources */ = {isa = PBXBuildFile; fileRef = 9B2F604F2165078000126281 /* Collection.swift */; };
		9B7BED7E21656A7B0047E2B2 /* ChineseTheme.swift in Sources */ = {isa = PBXBuildFile; fileRef = 9B7BED7D21656A7B0047E2B2 /* ChineseTheme.swift */; };
		9BC907922146DDDB00BBB034 /* AppDelegate.swift in Sources */ = {isa = PBXBuildFile; fileRef = 9BC907912146DDDB00BBB034 /* AppDelegate.swift */; };
		9BC907942146DDDB00BBB034 /* ViewController.swift in Sources */ = {isa = PBXBuildFile; fileRef = 9BC907932146DDDB00BBB034 /* ViewController.swift */; };
		9BC907972146DDDB00BBB034 /* Main.storyboard in Resources */ = {isa = PBXBuildFile; fileRef = 9BC907952146DDDB00BBB034 /* Main.storyboard */; };
		9BC907992146DDDD00BBB034 /* Assets.xcassets in Resources */ = {isa = PBXBuildFile; fileRef = 9BC907982146DDDD00BBB034 /* Assets.xcassets */; };
		9BC9079C2146DDDD00BBB034 /* LaunchScreen.storyboard in Resources */ = {isa = PBXBuildFile; fileRef = 9BC9079A2146DDDD00BBB034 /* LaunchScreen.storyboard */; };
		9BC907A52146DF4B00BBB034 /* Concentration.swift in Sources */ = {isa = PBXBuildFile; fileRef = 9BC907A42146DF4B00BBB034 /* Concentration.swift */; };
		9BC907A72146DF5600BBB034 /* Card.swift in Sources */ = {isa = PBXBuildFile; fileRef = 9BC907A62146DF5600BBB034 /* Card.swift */; };
		9BE7768A215D6D4400037F54 /* ThemeManager.swift in Sources */ = {isa = PBXBuildFile; fileRef = 9BE77689215D6D4400037F54 /* ThemeManager.swift */; };
		9BE7768C215D6D8100037F54 /* SmileyTheme.swift in Sources */ = {isa = PBXBuildFile; fileRef = 9BE7768B215D6D8100037F54 /* SmileyTheme.swift */; };
		9BE7768E215D6D9F00037F54 /* ThemeProtocol.swift in Sources */ = {isa = PBXBuildFile; fileRef = 9BE7768D215D6D9F00037F54 /* ThemeProtocol.swift */; };
		9BE77691215D702700037F54 /* AnimalTheme.swift in Sources */ = {isa = PBXBuildFile; fileRef = 9BE77690215D702700037F54 /* AnimalTheme.swift */; };
		9BE77695215D880700037F54 /* FlagTheme.swift in Sources */ = {isa = PBXBuildFile; fileRef = 9BE77694215D880700037F54 /* FlagTheme.swift */; };
		9BE7769B215E707B00037F54 /* ScoreBoard.swift in Sources */ = {isa = PBXBuildFile; fileRef = 9BE7769A215E707B00037F54 /* ScoreBoard.swift */; };
/* End PBXBuildFile section */

/* Begin PBXFileReference section */
		9B2F604D216500DD00126281 /* Int.swift */ = {isa = PBXFileReference; lastKnownFileType = sourcecode.swift; path = Int.swift; sourceTree = "<group>"; };
		9B2F604F2165078000126281 /* Collection.swift */ = {isa = PBXFileReference; lastKnownFileType = sourcecode.swift; path = Collection.swift; sourceTree = "<group>"; };
		9B7BED7D21656A7B0047E2B2 /* ChineseTheme.swift */ = {isa = PBXFileReference; lastKnownFileType = sourcecode.swift; path = ChineseTheme.swift; sourceTree = "<group>"; };
		9BC9078E2146DDDB00BBB034 /* Concentration.app */ = {isa = PBXFileReference; explicitFileType = wrapper.application; includeInIndex = 0; path = Concentration.app; sourceTree = BUILT_PRODUCTS_DIR; };
		9BC907912146DDDB00BBB034 /* AppDelegate.swift */ = {isa = PBXFileReference; lastKnownFileType = sourcecode.swift; path = AppDelegate.swift; sourceTree = "<group>"; };
		9BC907932146DDDB00BBB034 /* ViewController.swift */ = {isa = PBXFileReference; lastKnownFileType = sourcecode.swift; path = ViewController.swift; sourceTree = "<group>"; };
		9BC907962146DDDB00BBB034 /* Base */ = {isa = PBXFileReference; lastKnownFileType = file.storyboard; name = Base; path = Base.lproj/Main.storyboard; sourceTree = "<group>"; };
		9BC907982146DDDD00BBB034 /* Assets.xcassets */ = {isa = PBXFileReference; lastKnownFileType = folder.assetcatalog; path = Assets.xcassets; sourceTree = "<group>"; };
		9BC9079B2146DDDD00BBB034 /* Base */ = {isa = PBXFileReference; lastKnownFileType = file.storyboard; name = Base; path = Base.lproj/LaunchScreen.storyboard; sourceTree = "<group>"; };
		9BC9079D2146DDDD00BBB034 /* Info.plist */ = {isa = PBXFileReference; lastKnownFileType = text.plist.xml; path = Info.plist; sourceTree = "<group>"; };
		9BC907A42146DF4B00BBB034 /* Concentration.swift */ = {isa = PBXFileReference; lastKnownFileType = sourcecode.swift; path = Concentration.swift; sourceTree = "<group>"; };
		9BC907A62146DF5600BBB034 /* Card.swift */ = {isa = PBXFileReference; lastKnownFileType = sourcecode.swift; path = Card.swift; sourceTree = "<group>"; };
		9BE77689215D6D4400037F54 /* ThemeManager.swift */ = {isa = PBXFileReference; lastKnownFileType = sourcecode.swift; path = ThemeManager.swift; sourceTree = "<group>"; };
		9BE7768B215D6D8100037F54 /* SmileyTheme.swift */ = {isa = PBXFileReference; lastKnownFileType = sourcecode.swift; path = SmileyTheme.swift; sourceTree = "<group>"; };
		9BE7768D215D6D9F00037F54 /* ThemeProtocol.swift */ = {isa = PBXFileReference; lastKnownFileType = sourcecode.swift; path = ThemeProtocol.swift; sourceTree = "<group>"; };
		9BE77690215D702700037F54 /* AnimalTheme.swift */ = {isa = PBXFileReference; lastKnownFileType = sourcecode.swift; path = AnimalTheme.swift; sourceTree = "<group>"; };
		9BE77694215D880700037F54 /* FlagTheme.swift */ = {isa = PBXFileReference; lastKnownFileType = sourcecode.swift; path = FlagTheme.swift; sourceTree = "<group>"; };
		9BE7769A215E707B00037F54 /* ScoreBoard.swift */ = {isa = PBXFileReference; lastKnownFileType = sourcecode.swift; path = ScoreBoard.swift; sourceTree = "<group>"; };
/* End PBXFileReference section */

/* Begin PBXFrameworksBuildPhase section */
		9BC9078B2146DDDB00BBB034 /* Frameworks */ = {
			isa = PBXFrameworksBuildPhase;
			buildActionMask = 2147483647;
			files = (
			);
			runOnlyForDeploymentPostprocessing = 0;
		};
/* End PBXFrameworksBuildPhase section */

/* Begin PBXGroup section */
		9B2F604C216500C200126281 /* Extensions */ = {
			isa = PBXGroup;
			children = (
				9B2F604D216500DD00126281 /* Int.swift */,
				9B2F604F2165078000126281 /* Collection.swift */,
			);
			path = Extensions;
			sourceTree = "<group>";
		};
		9B7BED7C216568F00047E2B2 /* Supporting Files */ = {
			isa = PBXGroup;
			children = (
				9BC907912146DDDB00BBB034 /* AppDelegate.swift */,
				9BC9079A2146DDDD00BBB034 /* LaunchScreen.storyboard */,
			);
			path = "Supporting Files";
			sourceTree = "<group>";
		};
		9BC907852146DDDB00BBB034 = {
			isa = PBXGroup;
			children = (
				9BC907902146DDDB00BBB034 /* Concentration */,
				9BC9078F2146DDDB00BBB034 /* Products */,
			);
			sourceTree = "<group>";
		};
		9BC9078F2146DDDB00BBB034 /* Products */ = {
			isa = PBXGroup;
			children = (
				9BC9078E2146DDDB00BBB034 /* Concentration.app */,
			);
			name = Products;
			sourceTree = "<group>";
		};
		9BC907902146DDDB00BBB034 /* Concentration */ = {
			isa = PBXGroup;
			children = (
				9BC9079D2146DDDD00BBB034 /* Info.plist */,
				9BC907982146DDDD00BBB034 /* Assets.xcassets */,
				9B2F604C216500C200126281 /* Extensions */,
				9B7BED7C216568F00047E2B2 /* Supporting Files */,
				9BC907A42146DF4B00BBB034 /* Concentration.swift */,
				9BC907932146DDDB00BBB034 /* ViewController.swift */,
				9BC907952146DDDB00BBB034 /* Main.storyboard */,
				9BC907A62146DF5600BBB034 /* Card.swift */,
				9BE7768F215D6DBE00037F54 /* Themes */,
				9BE7769A215E707B00037F54 /* ScoreBoard.swift */,
			);
			path = Concentration;
			sourceTree = "<group>";
		};
		9BE7768F215D6DBE00037F54 /* Themes */ = {
			isa = PBXGroup;
			children = (
				9BE77689215D6D4400037F54 /* ThemeManager.swift */,
				9BE7768B215D6D8100037F54 /* SmileyTheme.swift */,
				9BE7768D215D6D9F00037F54 /* ThemeProtocol.swift */,
				9BE77690215D702700037F54 /* AnimalTheme.swift */,
				9BE77694215D880700037F54 /* FlagTheme.swift */,
				9B7BED7D21656A7B0047E2B2 /* ChineseTheme.swift */,
			);
			path = Themes;
			sourceTree = "<group>";
		};
/* End PBXGroup section */

/* Begin PBXNativeTarget section */
		9BC9078D2146DDDB00BBB034 /* Concentration */ = {
			isa = PBXNativeTarget;
			buildConfigurationList = 9BC907A02146DDDD00BBB034 /* Build configuration list for PBXNativeTarget "Concentration" */;
			buildPhases = (
				9BC9078A2146DDDB00BBB034 /* Sources */,
				9BC9078B2146DDDB00BBB034 /* Frameworks */,
				9BC9078C2146DDDB00BBB034 /* Resources */,
			);
			buildRules = (
			);
			dependencies = (
			);
			name = Concentration;
			productName = Concentration;
			productReference = 9BC9078E2146DDDB00BBB034 /* Concentration.app */;
			productType = "com.apple.product-type.application";
		};
/* End PBXNativeTarget section */

/* Begin PBXProject section */
		9BC907862146DDDB00BBB034 /* Project object */ = {
			isa = PBXProject;
			attributes = {
				LastSwiftUpdateCheck = 1000;
				LastUpgradeCheck = 0940;
				ORGANIZATIONNAME = "Marten Biesheuvel";
				TargetAttributes = {
					9BC9078D2146DDDB00BBB034 = {
						CreatedOnToolsVersion = 9.4.1;
						LastSwiftMigration = 1000;
					};
				};
			};
			buildConfigurationList = 9BC907892146DDDB00BBB034 /* Build configuration list for PBXProject "Concentration" */;
			compatibilityVersion = "Xcode 9.3";
			developmentRegion = en;
			hasScannedForEncodings = 0;
			knownRegions = (
				en,
				Base,
			);
			mainGroup = 9BC907852146DDDB00BBB034;
			productRefGroup = 9BC9078F2146DDDB00BBB034 /* Products */;
			projectDirPath = "";
			projectRoot = "";
			targets = (
				9BC9078D2146DDDB00BBB034 /* Concentration */,
			);
		};
/* End PBXProject section */

/* Begin PBXResourcesBuildPhase section */
		9BC9078C2146DDDB00BBB034 /* Resources */ = {
			isa = PBXResourcesBuildPhase;
			buildActionMask = 2147483647;
			files = (
				9BC9079C2146DDDD00BBB034 /* LaunchScreen.storyboard in Resources */,
				9BC907992146DDDD00BBB034 /* Assets.xcassets in Resources */,
				9BC907972146DDDB00BBB034 /* Main.storyboard in Resources */,
			);
			runOnlyForDeploymentPostprocessing = 0;
		};
/* End PBXResourcesBuildPhase section */

/* Begin PBXSourcesBuildPhase section */
		9BC9078A2146DDDB00BBB034 /* Sources */ = {
			isa = PBXSourcesBuildPhase;
			buildActionMask = 2147483647;
			files = (
				9BC907942146DDDB00BBB034 /* ViewController.swift in Sources */,
				9BE77691215D702700037F54 /* AnimalTheme.swift in Sources */,
				9BC907922146DDDB00BBB034 /* AppDelegate.swift in Sources */,
				9B7BED7E21656A7B0047E2B2 /* ChineseTheme.swift in Sources */,
				9B2F60502165078000126281 /* Collection.swift in Sources */,
				9BE7768A215D6D4400037F54 /* ThemeManager.swift in Sources */,
				9BE7768E215D6D9F00037F54 /* ThemeProtocol.swift in Sources */,
				9BC907A52146DF4B00BBB034 /* Concentration.swift in Sources */,
				9BE7768C215D6D8100037F54 /* SmileyTheme.swift in Sources */,
				9B2F604E216500DD00126281 /* Int.swift in Sources */,
				9BE7769B215E707B00037F54 /* ScoreBoard.swift in Sources */,
				9BC907A72146DF5600BBB034 /* Card.swift in Sources */,
				9BE77695215D880700037F54 /* FlagTheme.swift in Sources */,
			);
			runOnlyForDeploymentPostprocessing = 0;
		};
/* End PBXSourcesBuildPhase section */

/* Begin PBXVariantGroup section */
		9BC907952146DDDB00BBB034 /* Main.storyboard */ = {
			isa = PBXVariantGroup;
			children = (
				9BC907962146DDDB00BBB034 /* Base */,
			);
			name = Main.storyboard;
			sourceTree = "<group>";
		};
		9BC9079A2146DDDD00BBB034 /* LaunchScreen.storyboard */ = {
			isa = PBXVariantGroup;
			children = (
				9BC9079B2146DDDD00BBB034 /* Base */,
			);
			name = LaunchScreen.storyboard;
			sourceTree = "<group>";
		};
/* End PBXVariantGroup section */

/* Begin XCBuildConfiguration section */
		9BC9079E2146DDDD00BBB034 /* Debug */ = {
			isa = XCBuildConfiguration;
			buildSettings = {
				ALWAYS_SEARCH_USER_PATHS = NO;
				CLANG_ANALYZER_NONNULL = YES;
				CLANG_ANALYZER_NUMBER_OBJECT_CONVERSION = YES_AGGRESSIVE;
				CLANG_CXX_LANGUAGE_STANDARD = "gnu++14";
				CLANG_CXX_LIBRARY = "libc++";
				CLANG_ENABLE_MODULES = YES;
				CLANG_ENABLE_OBJC_ARC = YES;
				CLANG_ENABLE_OBJC_WEAK = YES;
				CLANG_WARN_BLOCK_CAPTURE_AUTORELEASING = YES;
				CLANG_WARN_BOOL_CONVERSION = YES;
				CLANG_WARN_COMMA = YES;
				CLANG_WARN_CONSTANT_CONVERSION = YES;
				CLANG_WARN_DEPRECATED_OBJC_IMPLEMENTATIONS = YES;
				CLANG_WARN_DIRECT_OBJC_ISA_USAGE = YES_ERROR;
				CLANG_WARN_DOCUMENTATION_COMMENTS = YES;
				CLANG_WARN_EMPTY_BODY = YES;
				CLANG_WARN_ENUM_CONVERSION = YES;
				CLANG_WARN_INFINITE_RECURSION = YES;
				CLANG_WARN_INT_CONVERSION = YES;
				CLANG_WARN_NON_LITERAL_NULL_CONVERSION = YES;
				CLANG_WARN_OBJC_IMPLICIT_RETAIN_SELF = YES;
				CLANG_WARN_OBJC_LITERAL_CONVERSION = YES;
				CLANG_WARN_OBJC_ROOT_CLASS = YES_ERROR;
				CLANG_WARN_RANGE_LOOP_ANALYSIS = YES;
				CLANG_WARN_STRICT_PROTOTYPES = YES;
				CLANG_WARN_SUSPICIOUS_MOVE = YES;
				CLANG_WARN_UNGUARDED_AVAILABILITY = YES_AGGRESSIVE;
				CLANG_WARN_UNREACHABLE_CODE = YES;
				CLANG_WARN__DUPLICATE_METHOD_MATCH = YES;
				CODE_SIGN_IDENTITY = "iPhone Developer";
				COPY_PHASE_STRIP = NO;
				DEBUG_INFORMATION_FORMAT = dwarf;
				ENABLE_STRICT_OBJC_MSGSEND = YES;
				ENABLE_TESTABILITY = YES;
				GCC_C_LANGUAGE_STANDARD = gnu11;
				GCC_DYNAMIC_NO_PIC = NO;
				GCC_NO_COMMON_BLOCKS = YES;
				GCC_OPTIMIZATION_LEVEL = 0;
				GCC_PREPROCESSOR_DEFINITIONS = (
					"DEBUG=1",
					"$(inherited)",
				);
				GCC_WARN_64_TO_32_BIT_CONVERSION = YES;
				GCC_WARN_ABOUT_RETURN_TYPE = YES_ERROR;
				GCC_WARN_UNDECLARED_SELECTOR = YES;
				GCC_WARN_UNINITIALIZED_AUTOS = YES_AGGRESSIVE;
				GCC_WARN_UNUSED_FUNCTION = YES;
				GCC_WARN_UNUSED_VARIABLE = YES;
				IPHONEOS_DEPLOYMENT_TARGET = 11.4;
				MTL_ENABLE_DEBUG_INFO = YES;
				ONLY_ACTIVE_ARCH = YES;
				SDKROOT = iphoneos;
				SWIFT_ACTIVE_COMPILATION_CONDITIONS = DEBUG;
				SWIFT_OPTIMIZATION_LEVEL = "-Onone";
			};
			name = Debug;
		};
		9BC9079F2146DDDD00BBB034 /* Release */ = {
			isa = XCBuildConfiguration;
			buildSettings = {
				ALWAYS_SEARCH_USER_PATHS = NO;
				CLANG_ANALYZER_NONNULL = YES;
				CLANG_ANALYZER_NUMBER_OBJECT_CONVERSION = YES_AGGRESSIVE;
				CLANG_CXX_LANGUAGE_STANDARD = "gnu++14";
				CLANG_CXX_LIBRARY = "libc++";
				CLANG_ENABLE_MODULES = YES;
				CLANG_ENABLE_OBJC_ARC = YES;
				CLANG_ENABLE_OBJC_WEAK = YES;
				CLANG_WARN_BLOCK_CAPTURE_AUTORELEASING = YES;
				CLANG_WARN_BOOL_CONVERSION = YES;
				CLANG_WARN_COMMA = YES;
				CLANG_WARN_CONSTANT_CONVERSION = YES;
				CLANG_WARN_DEPRECATED_OBJC_IMPLEMENTATIONS = YES;
				CLANG_WARN_DIRECT_OBJC_ISA_USAGE = YES_ERROR;
				CLANG_WARN_DOCUMENTATION_COMMENTS = YES;
				CLANG_WARN_EMPTY_BODY = YES;
				CLANG_WARN_ENUM_CONVERSION = YES;
				CLANG_WARN_INFINITE_RECURSION = YES;
				CLANG_WARN_INT_CONVERSION = YES;
				CLANG_WARN_NON_LITERAL_NULL_CONVERSION = YES;
				CLANG_WARN_OBJC_IMPLICIT_RETAIN_SELF = YES;
				CLANG_WARN_OBJC_LITERAL_CONVERSION = YES;
				CLANG_WARN_OBJC_ROOT_CLASS = YES_ERROR;
				CLANG_WARN_RANGE_LOOP_ANALYSIS = YES;
				CLANG_WARN_STRICT_PROTOTYPES = YES;
				CLANG_WARN_SUSPICIOUS_MOVE = YES;
				CLANG_WARN_UNGUARDED_AVAILABILITY = YES_AGGRESSIVE;
				CLANG_WARN_UNREACHABLE_CODE = YES;
				CLANG_WARN__DUPLICATE_METHOD_MATCH = YES;
				CODE_SIGN_IDENTITY = "iPhone Developer";
				COPY_PHASE_STRIP = NO;
				DEBUG_INFORMATION_FORMAT = "dwarf-with-dsym";
				ENABLE_NS_ASSERTIONS = NO;
				ENABLE_STRICT_OBJC_MSGSEND = YES;
				GCC_C_LANGUAGE_STANDARD = gnu11;
				GCC_NO_COMMON_BLOCKS = YES;
				GCC_WARN_64_TO_32_BIT_CONVERSION = YES;
				GCC_WARN_ABOUT_RETURN_TYPE = YES_ERROR;
				GCC_WARN_UNDECLARED_SELECTOR = YES;
				GCC_WARN_UNINITIALIZED_AUTOS = YES_AGGRESSIVE;
				GCC_WARN_UNUSED_FUNCTION = YES;
				GCC_WARN_UNUSED_VARIABLE = YES;
				IPHONEOS_DEPLOYMENT_TARGET = 11.4;
				MTL_ENABLE_DEBUG_INFO = NO;
				SDKROOT = iphoneos;
				SWIFT_COMPILATION_MODE = wholemodule;
				SWIFT_OPTIMIZATION_LEVEL = "-O";
				VALIDATE_PRODUCT = YES;
			};
			name = Release;
		};
		9BC907A12146DDDD00BBB034 /* Debug */ = {
			isa = XCBuildConfiguration;
			buildSettings = {
				ASSETCATALOG_COMPILER_APPICON_NAME = AppIcon;
				CODE_SIGN_STYLE = Automatic;
				DEVELOPMENT_TEAM = 6X828XTLSL;
				INFOPLIST_FILE = Concentration/Info.plist;
				LD_RUNPATH_SEARCH_PATHS = (
					"$(inherited)",
					"@executable_path/Frameworks",
				);
				PRODUCT_BUNDLE_IDENTIFIER = nl.martenbiesheuvel.Concentration;
				PRODUCT_NAME = "$(TARGET_NAME)";
				SWIFT_VERSION = 4.2;
				TARGETED_DEVICE_FAMILY = "1,2";
			};
			name = Debug;
		};
		9BC907A22146DDDD00BBB034 /* Release */ = {
			isa = XCBuildConfiguration;
			buildSettings = {
				ASSETCATALOG_COMPILER_APPICON_NAME = AppIcon;
				CODE_SIGN_STYLE = Automatic;
				DEVELOPMENT_TEAM = 6X828XTLSL;
				INFOPLIST_FILE = Concentration/Info.plist;
				LD_RUNPATH_SEARCH_PATHS = (
					"$(inherited)",
					"@executable_path/Frameworks",
				);
				PRODUCT_BUNDLE_IDENTIFIER = nl.martenbiesheuvel.Concentration;
				PRODUCT_NAME = "$(TARGET_NAME)";
				SWIFT_VERSION = 4.2;
				TARGETED_DEVICE_FAMILY = "1,2";
			};
			name = Release;
		};
/* End XCBuildConfiguration section */

/* Begin XCConfigurationList section */
		9BC907892146DDDB00BBB034 /* Build configuration list for PBXProject "Concentration" */ = {
			isa = XCConfigurationList;
			buildConfigurations = (
				9BC9079E2146DDDD00BBB034 /* Debug */,
				9BC9079F2146DDDD00BBB034 /* Release */,
			);
			defaultConfigurationIsVisible = 0;
			defaultConfigurationName = Release;
		};
		9BC907A02146DDDD00BBB034 /* Build configuration list for PBXNativeTarget "Concentration" */ = {
			isa = XCConfigurationList;
			buildConfigurations = (
				9BC907A12146DDDD00BBB034 /* Debug */,
				9BC907A22146DDDD00BBB034 /* Release */,
			);
			defaultConfigurationIsVisible = 0;
			defaultConfigurationName = Release;
		};
/* End XCConfigurationList section */
	};
	rootObject = 9BC907862146DDDB00BBB034 /* Project object */;
}
