// !$*UTF8*$!
{
	archiveVersion = 1;
	classes = {
	};
	objectVersion = 50;
	objects = {

/* Begin PBXBuildFile section */
		3EC9A8B77DB5B8EEF366D060 /* Pods_Set.framework in Frameworks */ = {isa = PBXBuildFile; fileRef = 151E874DAEB6724D4EE5AAD4 /* Pods_Set.framework */; };
		9B3DBDA721B05584005DE644 /* ScoreTableViewController.swift in Sources */ = {isa = PBXBuildFile; fileRef = 9B3DBDA621B05584005DE644 /* ScoreTableViewController.swift */; };
		9B3DBDA921B061AD005DE644 /* GameService.swift in Sources */ = {isa = PBXBuildFile; fileRef = 9B3DBDA821B061AD005DE644 /* GameService.swift */; };
		9B3DBDAB21B0627B005DE644 /* SavedGame.swift in Sources */ = {isa = PBXBuildFile; fileRef = 9B3DBDAA21B0627B005DE644 /* SavedGame.swift */; };
		9B5FBA522194D66B00DCB96B /* Score.swift in Sources */ = {isa = PBXBuildFile; fileRef = 9B5FBA512194D66B00DCB96B /* Score.swift */; };
		9B62136C2174DD2C008679B2 /* Set.swift in Sources */ = {isa = PBXBuildFile; fileRef = 9B62136B2174DD2C008679B2 /* Set.swift */; };
		9B62137A2174F696008679B2 /* CardButton.swift in Sources */ = {isa = PBXBuildFile; fileRef = 9B6213792174F696008679B2 /* CardButton.swift */; };
		9B62137C217509BA008679B2 /* GameButton.swift in Sources */ = {isa = PBXBuildFile; fileRef = 9B62137B217509BA008679B2 /* GameButton.swift */; };
		9B62137F2175243F008679B2 /* Int.swift in Sources */ = {isa = PBXBuildFile; fileRef = 9B62137E2175243F008679B2 /* Int.swift */; };
		9B888E6121D6D1A500B60D29 /* TimeLabel.swift in Sources */ = {isa = PBXBuildFile; fileRef = 9B888E6021D6D1A500B60D29 /* TimeLabel.swift */; };
		9B888E6321D6D2BC00B60D29 /* ScoreLabel.swift in Sources */ = {isa = PBXBuildFile; fileRef = 9B888E6221D6D2BC00B60D29 /* ScoreLabel.swift */; };
		9B888E6521D6D53100B60D29 /* HintButton.swift in Sources */ = {isa = PBXBuildFile; fileRef = 9B888E6421D6D53100B60D29 /* HintButton.swift */; };
		9B888E7321D7EA8000B60D29 /* Body.swift in Sources */ = {isa = PBXBuildFile; fileRef = 9B888E7221D7EA8000B60D29 /* Body.swift */; };
		9B99DAA621BF0FA800321AF4 /* GameTimer.swift in Sources */ = {isa = PBXBuildFile; fileRef = 9B99DAA521BF0FA800321AF4 /* GameTimer.swift */; };
		9BEA13F12194DF5E0066BBF7 /* HomeViewController.swift in Sources */ = {isa = PBXBuildFile; fileRef = 9BEA13F02194DF5E0066BBF7 /* HomeViewController.swift */; };
		9BEA13F32194E0B40066BBF7 /* ScoreService.swift in Sources */ = {isa = PBXBuildFile; fileRef = 9BEA13F22194E0B40066BBF7 /* ScoreService.swift */; };
		9BEA13F92194E2DF0066BBF7 /* ScoreTableViewCell.swift in Sources */ = {isa = PBXBuildFile; fileRef = 9BEA13F82194E2DF0066BBF7 /* ScoreTableViewCell.swift */; };
		9BEA13FC2194F7380066BBF7 /* DateTime.swift in Sources */ = {isa = PBXBuildFile; fileRef = 9BEA13FB2194F7380066BBF7 /* DateTime.swift */; };
		9BECB3E1216CE43B00B70814 /* AppDelegate.swift in Sources */ = {isa = PBXBuildFile; fileRef = 9BECB3E0216CE43B00B70814 /* AppDelegate.swift */; };
		9BECB3E3216CE43B00B70814 /* GameViewController.swift in Sources */ = {isa = PBXBuildFile; fileRef = 9BECB3E2216CE43B00B70814 /* GameViewController.swift */; };
		9BECB3E6216CE43B00B70814 /* Main.storyboard in Resources */ = {isa = PBXBuildFile; fileRef = 9BECB3E4216CE43B00B70814 /* Main.storyboard */; };
		9BECB3E8216CE43C00B70814 /* Assets.xcassets in Resources */ = {isa = PBXBuildFile; fileRef = 9BECB3E7216CE43C00B70814 /* Assets.xcassets */; };
		9BECB3EB216CE43C00B70814 /* LaunchScreen.storyboard in Resources */ = {isa = PBXBuildFile; fileRef = 9BECB3E9216CE43C00B70814 /* LaunchScreen.storyboard */; };
		9BECB3F4216CE56D00B70814 /* Card.swift in Sources */ = {isa = PBXBuildFile; fileRef = 9BECB3F3216CE56D00B70814 /* Card.swift */; };
		9BF08D6D2180B98000827788 /* CardProperty.swift in Sources */ = {isa = PBXBuildFile; fileRef = 9BF08D6C2180B98000827788 /* CardProperty.swift */; };
		9BF08D6F2180E2CB00827788 /* Array.swift in Sources */ = {isa = PBXBuildFile; fileRef = 9BF08D6E2180E2CB00827788 /* Array.swift */; };
		9BF08D732180E69900827788 /* ScoreBoard.swift in Sources */ = {isa = PBXBuildFile; fileRef = 9BF08D722180E69900827788 /* ScoreBoard.swift */; };
		9BF08D7B2180F8B700827788 /* SetTests.swift in Sources */ = {isa = PBXBuildFile; fileRef = 9BF08D7A2180F8B700827788 /* SetTests.swift */; };
		DDB6DC07FE06DEBED9029946 /* Pods_SetTests.framework in Frameworks */ = {isa = PBXBuildFile; fileRef = 4381EB1D8E03C27C7206CBFB /* Pods_SetTests.framework */; };
/* End PBXBuildFile section */

/* Begin PBXContainerItemProxy section */
		9BF08D7D2180F8B700827788 /* PBXContainerItemProxy */ = {
			isa = PBXContainerItemProxy;
			containerPortal = 9BECB3D5216CE43B00B70814 /* Project object */;
			proxyType = 1;
			remoteGlobalIDString = 9BECB3DC216CE43B00B70814;
			remoteInfo = Set;
		};
/* End PBXContainerItemProxy section */

/* Begin PBXFileReference section */
		151E874DAEB6724D4EE5AAD4 /* Pods_Set.framework */ = {isa = PBXFileReference; explicitFileType = wrapper.framework; includeInIndex = 0; path = Pods_Set.framework; sourceTree = BUILT_PRODUCTS_DIR; };
		4381EB1D8E03C27C7206CBFB /* Pods_SetTests.framework */ = {isa = PBXFileReference; explicitFileType = wrapper.framework; includeInIndex = 0; path = Pods_SetTests.framework; sourceTree = BUILT_PRODUCTS_DIR; };
		9B3DBDA621B05584005DE644 /* ScoreTableViewController.swift */ = {isa = PBXFileReference; lastKnownFileType = sourcecode.swift; path = ScoreTableViewController.swift; sourceTree = "<group>"; };
		9B3DBDA821B061AD005DE644 /* GameService.swift */ = {isa = PBXFileReference; lastKnownFileType = sourcecode.swift; path = GameService.swift; sourceTree = "<group>"; };
		9B3DBDAA21B0627B005DE644 /* SavedGame.swift */ = {isa = PBXFileReference; lastKnownFileType = sourcecode.swift; path = SavedGame.swift; sourceTree = "<group>"; };
		9B5FBA512194D66B00DCB96B /* Score.swift */ = {isa = PBXFileReference; lastKnownFileType = sourcecode.swift; path = Score.swift; sourceTree = "<group>"; };
		9B62136B2174DD2C008679B2 /* Set.swift */ = {isa = PBXFileReference; lastKnownFileType = sourcecode.swift; path = Set.swift; sourceTree = "<group>"; };
		9B6213792174F696008679B2 /* CardButton.swift */ = {isa = PBXFileReference; lastKnownFileType = sourcecode.swift; path = CardButton.swift; sourceTree = "<group>"; };
		9B62137B217509BA008679B2 /* GameButton.swift */ = {isa = PBXFileReference; lastKnownFileType = sourcecode.swift; path = GameButton.swift; sourceTree = "<group>"; };
		9B62137E2175243F008679B2 /* Int.swift */ = {isa = PBXFileReference; lastKnownFileType = sourcecode.swift; path = Int.swift; sourceTree = "<group>"; };
		9B888E6021D6D1A500B60D29 /* TimeLabel.swift */ = {isa = PBXFileReference; lastKnownFileType = sourcecode.swift; path = TimeLabel.swift; sourceTree = "<group>"; };
		9B888E6221D6D2BC00B60D29 /* ScoreLabel.swift */ = {isa = PBXFileReference; lastKnownFileType = sourcecode.swift; path = ScoreLabel.swift; sourceTree = "<group>"; };
		9B888E6421D6D53100B60D29 /* HintButton.swift */ = {isa = PBXFileReference; lastKnownFileType = sourcecode.swift; path = HintButton.swift; sourceTree = "<group>"; };
		9B888E7221D7EA8000B60D29 /* Body.swift */ = {isa = PBXFileReference; lastKnownFileType = sourcecode.swift; path = Body.swift; sourceTree = "<group>"; };
		9B99DAA521BF0FA800321AF4 /* GameTimer.swift */ = {isa = PBXFileReference; lastKnownFileType = sourcecode.swift; path = GameTimer.swift; sourceTree = "<group>"; };
		9BEA13F02194DF5E0066BBF7 /* HomeViewController.swift */ = {isa = PBXFileReference; lastKnownFileType = sourcecode.swift; path = HomeViewController.swift; sourceTree = "<group>"; };
		9BEA13F22194E0B40066BBF7 /* ScoreService.swift */ = {isa = PBXFileReference; lastKnownFileType = sourcecode.swift; path = ScoreService.swift; sourceTree = "<group>"; };
		9BEA13F82194E2DF0066BBF7 /* ScoreTableViewCell.swift */ = {isa = PBXFileReference; lastKnownFileType = sourcecode.swift; path = ScoreTableViewCell.swift; sourceTree = "<group>"; };
		9BEA13FB2194F7380066BBF7 /* DateTime.swift */ = {isa = PBXFileReference; lastKnownFileType = sourcecode.swift; path = DateTime.swift; sourceTree = "<group>"; };
		9BECB3DD216CE43B00B70814 /* Set.app */ = {isa = PBXFileReference; explicitFileType = wrapper.application; includeInIndex = 0; path = Set.app; sourceTree = BUILT_PRODUCTS_DIR; };
		9BECB3E0216CE43B00B70814 /* AppDelegate.swift */ = {isa = PBXFileReference; lastKnownFileType = sourcecode.swift; path = AppDelegate.swift; sourceTree = "<group>"; };
		9BECB3E2216CE43B00B70814 /* GameViewController.swift */ = {isa = PBXFileReference; lastKnownFileType = sourcecode.swift; path = GameViewController.swift; sourceTree = "<group>"; };
		9BECB3E5216CE43B00B70814 /* Base */ = {isa = PBXFileReference; lastKnownFileType = file.storyboard; name = Base; path = Base.lproj/Main.storyboard; sourceTree = "<group>"; };
		9BECB3E7216CE43C00B70814 /* Assets.xcassets */ = {isa = PBXFileReference; lastKnownFileType = folder.assetcatalog; path = Assets.xcassets; sourceTree = "<group>"; };
		9BECB3EA216CE43C00B70814 /* Base */ = {isa = PBXFileReference; lastKnownFileType = file.storyboard; name = Base; path = Base.lproj/LaunchScreen.storyboard; sourceTree = "<group>"; };
		9BECB3EC216CE43C00B70814 /* Info.plist */ = {isa = PBXFileReference; lastKnownFileType = text.plist.xml; path = Info.plist; sourceTree = "<group>"; };
		9BECB3F3216CE56D00B70814 /* Card.swift */ = {isa = PBXFileReference; lastKnownFileType = sourcecode.swift; path = Card.swift; sourceTree = "<group>"; };
		9BF08D6C2180B98000827788 /* CardProperty.swift */ = {isa = PBXFileReference; lastKnownFileType = sourcecode.swift; path = CardProperty.swift; sourceTree = "<group>"; };
		9BF08D6E2180E2CB00827788 /* Array.swift */ = {isa = PBXFileReference; lastKnownFileType = sourcecode.swift; path = Array.swift; sourceTree = "<group>"; };
		9BF08D722180E69900827788 /* ScoreBoard.swift */ = {isa = PBXFileReference; lastKnownFileType = sourcecode.swift; path = ScoreBoard.swift; sourceTree = "<group>"; };
		9BF08D782180F8B600827788 /* SetTests.xctest */ = {isa = PBXFileReference; explicitFileType = wrapper.cfbundle; includeInIndex = 0; path = SetTests.xctest; sourceTree = BUILT_PRODUCTS_DIR; };
		9BF08D7A2180F8B700827788 /* SetTests.swift */ = {isa = PBXFileReference; lastKnownFileType = sourcecode.swift; path = SetTests.swift; sourceTree = "<group>"; };
		9BF08D7C2180F8B700827788 /* Info.plist */ = {isa = PBXFileReference; lastKnownFileType = text.plist.xml; path = Info.plist; sourceTree = "<group>"; };
		C9BEDC183FE8D832B2257DF4 /* Pods-SetTests.debug.xcconfig */ = {isa = PBXFileReference; includeInIndex = 1; lastKnownFileType = text.xcconfig; name = "Pods-SetTests.debug.xcconfig"; path = "Pods/Target Support Files/Pods-SetTests/Pods-SetTests.debug.xcconfig"; sourceTree = "<group>"; };
		D883F557CDBE0FE2DEDEB65E /* Pods-SetTests.release.xcconfig */ = {isa = PBXFileReference; includeInIndex = 1; lastKnownFileType = text.xcconfig; name = "Pods-SetTests.release.xcconfig"; path = "Pods/Target Support Files/Pods-SetTests/Pods-SetTests.release.xcconfig"; sourceTree = "<group>"; };
		EE5E4BAA99A117188A1EFFA9 /* Pods-Set.release.xcconfig */ = {isa = PBXFileReference; includeInIndex = 1; lastKnownFileType = text.xcconfig; name = "Pods-Set.release.xcconfig"; path = "Pods/Target Support Files/Pods-Set/Pods-Set.release.xcconfig"; sourceTree = "<group>"; };
		F68F4B27C0088DB935E19829 /* Pods-Set.debug.xcconfig */ = {isa = PBXFileReference; includeInIndex = 1; lastKnownFileType = text.xcconfig; name = "Pods-Set.debug.xcconfig"; path = "Pods/Target Support Files/Pods-Set/Pods-Set.debug.xcconfig"; sourceTree = "<group>"; };
/* End PBXFileReference section */

/* Begin PBXFrameworksBuildPhase section */
		9BECB3DA216CE43B00B70814 /* Frameworks */ = {
			isa = PBXFrameworksBuildPhase;
			buildActionMask = 2147483647;
			files = (
				3EC9A8B77DB5B8EEF366D060 /* Pods_Set.framework in Frameworks */,
			);
			runOnlyForDeploymentPostprocessing = 0;
		};
		9BF08D752180F8B600827788 /* Frameworks */ = {
			isa = PBXFrameworksBuildPhase;
			buildActionMask = 2147483647;
			files = (
				DDB6DC07FE06DEBED9029946 /* Pods_SetTests.framework in Frameworks */,
			);
			runOnlyForDeploymentPostprocessing = 0;
		};
/* End PBXFrameworksBuildPhase section */

/* Begin PBXGroup section */
		745753B8B56889766BF606EB /* Pods */ = {
			isa = PBXGroup;
			children = (
				F68F4B27C0088DB935E19829 /* Pods-Set.debug.xcconfig */,
				EE5E4BAA99A117188A1EFFA9 /* Pods-Set.release.xcconfig */,
				C9BEDC183FE8D832B2257DF4 /* Pods-SetTests.debug.xcconfig */,
				D883F557CDBE0FE2DEDEB65E /* Pods-SetTests.release.xcconfig */,
			);
			name = Pods;
			sourceTree = "<group>";
		};
		7E1D7E8812058348E2591753 /* Frameworks */ = {
			isa = PBXGroup;
			children = (
				151E874DAEB6724D4EE5AAD4 /* Pods_Set.framework */,
				4381EB1D8E03C27C7206CBFB /* Pods_SetTests.framework */,
			);
			name = Frameworks;
			sourceTree = "<group>";
		};
		9B62137D21750A7C008679B2 /* Views */ = {
			isa = PBXGroup;
			children = (
				9B94737521D50C1D002E5959 /* Game */,
			);
			path = Views;
			sourceTree = "<group>";
		};
		9B62138021752443008679B2 /* Extensions */ = {
			isa = PBXGroup;
			children = (
				9B62137E2175243F008679B2 /* Int.swift */,
				9BF08D6E2180E2CB00827788 /* Array.swift */,
			);
			path = Extensions;
			sourceTree = "<group>";
		};
		9B94737521D50C1D002E5959 /* Game */ = {
			isa = PBXGroup;
			children = (
				9B6213792174F696008679B2 /* CardButton.swift */,
				9B62137B217509BA008679B2 /* GameButton.swift */,
				9B888E6021D6D1A500B60D29 /* TimeLabel.swift */,
				9B888E6221D6D2BC00B60D29 /* ScoreLabel.swift */,
				9B888E6421D6D53100B60D29 /* HintButton.swift */,
				9B888E7221D7EA8000B60D29 /* Body.swift */,
			);
			path = Game;
			sourceTree = "<group>";
		};
		9BEA13F72194E1F40066BBF7 /* Services */ = {
			isa = PBXGroup;
			children = (
				9BEA13F22194E0B40066BBF7 /* ScoreService.swift */,
				9B3DBDA821B061AD005DE644 /* GameService.swift */,
			);
			path = Services;
			sourceTree = "<group>";
		};
		9BEA13FA2194F72E0066BBF7 /* Utils */ = {
			isa = PBXGroup;
			children = (
				9BEA13FB2194F7380066BBF7 /* DateTime.swift */,
			);
			path = Utils;
			sourceTree = "<group>";
		};
		9BEA13FD2194FE3A0066BBF7 /* Controllers */ = {
			isa = PBXGroup;
			children = (
				9BEA13F82194E2DF0066BBF7 /* ScoreTableViewCell.swift */,
				9BECB3E2216CE43B00B70814 /* GameViewController.swift */,
				9BEA13F02194DF5E0066BBF7 /* HomeViewController.swift */,
				9B3DBDA621B05584005DE644 /* ScoreTableViewController.swift */,
			);
			path = Controllers;
			sourceTree = "<group>";
		};
		9BEA13FE2194FE780066BBF7 /* Models */ = {
			isa = PBXGroup;
			children = (
				9BECB3F3216CE56D00B70814 /* Card.swift */,
				9B62136B2174DD2C008679B2 /* Set.swift */,
				9BF08D6C2180B98000827788 /* CardProperty.swift */,
				9BF08D722180E69900827788 /* ScoreBoard.swift */,
				9B5FBA512194D66B00DCB96B /* Score.swift */,
				9B3DBDAA21B0627B005DE644 /* SavedGame.swift */,
				9B99DAA521BF0FA800321AF4 /* GameTimer.swift */,
			);
			path = Models;
			sourceTree = "<group>";
		};
		9BECB3D4216CE43B00B70814 = {
			isa = PBXGroup;
			children = (
				9BECB3DF216CE43B00B70814 /* Set */,
				9BF08D792180F8B700827788 /* SetTests */,
				9BECB3DE216CE43B00B70814 /* Products */,
				745753B8B56889766BF606EB /* Pods */,
				7E1D7E8812058348E2591753 /* Frameworks */,
			);
			sourceTree = "<group>";
		};
		9BECB3DE216CE43B00B70814 /* Products */ = {
			isa = PBXGroup;
			children = (
				9BECB3DD216CE43B00B70814 /* Set.app */,
				9BF08D782180F8B600827788 /* SetTests.xctest */,
			);
			name = Products;
			sourceTree = "<group>";
		};
		9BECB3DF216CE43B00B70814 /* Set */ = {
			isa = PBXGroup;
			children = (
				9BECB3EC216CE43C00B70814 /* Info.plist */,
				9BEA13FA2194F72E0066BBF7 /* Utils */,
				9B62138021752443008679B2 /* Extensions */,
				9BEA13FE2194FE780066BBF7 /* Models */,
				9BECB3F2216CE45800B70814 /* Supporting Files */,
				9BEA13FD2194FE3A0066BBF7 /* Controllers */,
				9BECB3E4216CE43B00B70814 /* Main.storyboard */,
				9B62137D21750A7C008679B2 /* Views */,
				9BEA13F72194E1F40066BBF7 /* Services */,
			);
			path = Set;
			sourceTree = "<group>";
		};
		9BECB3F2216CE45800B70814 /* Supporting Files */ = {
			isa = PBXGroup;
			children = (
				9BECB3E0216CE43B00B70814 /* AppDelegate.swift */,
				9BECB3E7216CE43C00B70814 /* Assets.xcassets */,
				9BECB3E9216CE43C00B70814 /* LaunchScreen.storyboard */,
			);
			path = "Supporting Files";
			sourceTree = "<group>";
		};
		9BF08D792180F8B700827788 /* SetTests */ = {
			isa = PBXGroup;
			children = (
				9BF08D7A2180F8B700827788 /* SetTests.swift */,
				9BF08D7C2180F8B700827788 /* Info.plist */,
			);
			path = SetTests;
			sourceTree = "<group>";
		};
/* End PBXGroup section */

/* Begin PBXNativeTarget section */
		9BECB3DC216CE43B00B70814 /* Set */ = {
			isa = PBXNativeTarget;
			buildConfigurationList = 9BECB3EF216CE43C00B70814 /* Build configuration list for PBXNativeTarget "Set" */;
			buildPhases = (
				A26F3D2AC2DD675A395669A9 /* [CP] Check Pods Manifest.lock */,
				9BECB3D9216CE43B00B70814 /* Sources */,
				9BECB3DA216CE43B00B70814 /* Frameworks */,
				9BECB3DB216CE43B00B70814 /* Resources */,
				C1646405CBC669181A3E5887 /* [CP] Embed Pods Frameworks */,
			);
			buildRules = (
			);
			dependencies = (
			);
			name = Set;
			productName = Set;
			productReference = 9BECB3DD216CE43B00B70814 /* Set.app */;
			productType = "com.apple.product-type.application";
		};
		9BF08D772180F8B600827788 /* SetTests */ = {
			isa = PBXNativeTarget;
			buildConfigurationList = 9BF08D7F2180F8B700827788 /* Build configuration list for PBXNativeTarget "SetTests" */;
			buildPhases = (
				7D00AD1752039E5CA19E8CD4 /* [CP] Check Pods Manifest.lock */,
				9BF08D742180F8B600827788 /* Sources */,
				9BF08D752180F8B600827788 /* Frameworks */,
				9BF08D762180F8B600827788 /* Resources */,
			);
			buildRules = (
			);
			dependencies = (
				9BF08D7E2180F8B700827788 /* PBXTargetDependency */,
			);
			name = SetTests;
			productName = SetTests;
			productReference = 9BF08D782180F8B600827788 /* SetTests.xctest */;
			productType = "com.apple.product-type.bundle.unit-test";
		};
/* End PBXNativeTarget section */

/* Begin PBXProject section */
		9BECB3D5216CE43B00B70814 /* Project object */ = {
			isa = PBXProject;
			attributes = {
				LastSwiftUpdateCheck = 1000;
				LastUpgradeCheck = 1000;
				ORGANIZATIONNAME = "Marten Biesheuvel";
				TargetAttributes = {
					9BECB3DC216CE43B00B70814 = {
						CreatedOnToolsVersion = 10.0;
					};
					9BF08D772180F8B600827788 = {
						CreatedOnToolsVersion = 10.0;
						TestTargetID = 9BECB3DC216CE43B00B70814;
					};
				};
			};
			buildConfigurationList = 9BECB3D8216CE43B00B70814 /* Build configuration list for PBXProject "Set" */;
			compatibilityVersion = "Xcode 9.3";
			developmentRegion = en;
			hasScannedForEncodings = 0;
			knownRegions = (
				en,
				Base,
			);
			mainGroup = 9BECB3D4216CE43B00B70814;
			productRefGroup = 9BECB3DE216CE43B00B70814 /* Products */;
			projectDirPath = "";
			projectRoot = "";
			targets = (
				9BECB3DC216CE43B00B70814 /* Set */,
				9BF08D772180F8B600827788 /* SetTests */,
			);
		};
/* End PBXProject section */

/* Begin PBXResourcesBuildPhase section */
		9BECB3DB216CE43B00B70814 /* Resources */ = {
			isa = PBXResourcesBuildPhase;
			buildActionMask = 2147483647;
			files = (
				9BECB3EB216CE43C00B70814 /* LaunchScreen.storyboard in Resources */,
				9BECB3E8216CE43C00B70814 /* Assets.xcassets in Resources */,
				9BECB3E6216CE43B00B70814 /* Main.storyboard in Resources */,
			);
			runOnlyForDeploymentPostprocessing = 0;
		};
		9BF08D762180F8B600827788 /* Resources */ = {
			isa = PBXResourcesBuildPhase;
			buildActionMask = 2147483647;
			files = (
			);
			runOnlyForDeploymentPostprocessing = 0;
		};
/* End PBXResourcesBuildPhase section */

/* Begin PBXShellScriptBuildPhase section */
		7D00AD1752039E5CA19E8CD4 /* [CP] Check Pods Manifest.lock */ = {
			isa = PBXShellScriptBuildPhase;
			buildActionMask = 2147483647;
			files = (
			);
			inputFileListPaths = (
			);
			inputPaths = (
				"${PODS_PODFILE_DIR_PATH}/Podfile.lock",
				"${PODS_ROOT}/Manifest.lock",
			);
			name = "[CP] Check Pods Manifest.lock";
			outputFileListPaths = (
			);
			outputPaths = (
				"$(DERIVED_FILE_DIR)/Pods-SetTests-checkManifestLockResult.txt",
			);
			runOnlyForDeploymentPostprocessing = 0;
			shellPath = /bin/sh;
			shellScript = "diff \"${PODS_PODFILE_DIR_PATH}/Podfile.lock\" \"${PODS_ROOT}/Manifest.lock\" > /dev/null\nif [ $? != 0 ] ; then\n    # print error to STDERR\n    echo \"error: The sandbox is not in sync with the Podfile.lock. Run 'pod install' or update your CocoaPods installation.\" >&2\n    exit 1\nfi\n# This output is used by Xcode 'outputs' to avoid re-running this script phase.\necho \"SUCCESS\" > \"${SCRIPT_OUTPUT_FILE_0}\"\n";
			showEnvVarsInLog = 0;
		};
		A26F3D2AC2DD675A395669A9 /* [CP] Check Pods Manifest.lock */ = {
			isa = PBXShellScriptBuildPhase;
			buildActionMask = 2147483647;
			files = (
			);
			inputFileListPaths = (
			);
			inputPaths = (
				"${PODS_PODFILE_DIR_PATH}/Podfile.lock",
				"${PODS_ROOT}/Manifest.lock",
			);
			name = "[CP] Check Pods Manifest.lock";
			outputFileListPaths = (
			);
			outputPaths = (
				"$(DERIVED_FILE_DIR)/Pods-Set-checkManifestLockResult.txt",
			);
			runOnlyForDeploymentPostprocessing = 0;
			shellPath = /bin/sh;
			shellScript = "diff \"${PODS_PODFILE_DIR_PATH}/Podfile.lock\" \"${PODS_ROOT}/Manifest.lock\" > /dev/null\nif [ $? != 0 ] ; then\n    # print error to STDERR\n    echo \"error: The sandbox is not in sync with the Podfile.lock. Run 'pod install' or update your CocoaPods installation.\" >&2\n    exit 1\nfi\n# This output is used by Xcode 'outputs' to avoid re-running this script phase.\necho \"SUCCESS\" > \"${SCRIPT_OUTPUT_FILE_0}\"\n";
			showEnvVarsInLog = 0;
		};
		C1646405CBC669181A3E5887 /* [CP] Embed Pods Frameworks */ = {
			isa = PBXShellScriptBuildPhase;
			buildActionMask = 2147483647;
			files = (
			);
			inputFileListPaths = (
			);
			inputPaths = (
				"${SRCROOT}/Pods/Target Support Files/Pods-Set/Pods-Set-frameworks.sh",
				"${BUILT_PRODUCTS_DIR}/Disk/Disk.framework",
			);
			name = "[CP] Embed Pods Frameworks";
			outputFileListPaths = (
			);
			outputPaths = (
				"${TARGET_BUILD_DIR}/${FRAMEWORKS_FOLDER_PATH}/Disk.framework",
			);
			runOnlyForDeploymentPostprocessing = 0;
			shellPath = /bin/sh;
			shellScript = "\"${SRCROOT}/Pods/Target Support Files/Pods-Set/Pods-Set-frameworks.sh\"\n";
			showEnvVarsInLog = 0;
		};
/* End PBXShellScriptBuildPhase section */

/* Begin PBXSourcesBuildPhase section */
		9BECB3D9216CE43B00B70814 /* Sources */ = {
			isa = PBXSourcesBuildPhase;
			buildActionMask = 2147483647;
			files = (
				9BF08D6F2180E2CB00827788 /* Array.swift in Sources */,
				9B888E6121D6D1A500B60D29 /* TimeLabel.swift in Sources */,
				9B62136C2174DD2C008679B2 /* Set.swift in Sources */,
				9B3DBDA921B061AD005DE644 /* GameService.swift in Sources */,
				9B62137C217509BA008679B2 /* GameButton.swift in Sources */,
				9B888E7321D7EA8000B60D29 /* Body.swift in Sources */,
				9B3DBDA721B05584005DE644 /* ScoreTableViewController.swift in Sources */,
				9BECB3E3216CE43B00B70814 /* GameViewController.swift in Sources */,
				9B62137F2175243F008679B2 /* Int.swift in Sources */,
				9BEA13FC2194F7380066BBF7 /* DateTime.swift in Sources */,
				9B888E6521D6D53100B60D29 /* HintButton.swift in Sources */,
				9BF08D6D2180B98000827788 /* CardProperty.swift in Sources */,
				9B99DAA621BF0FA800321AF4 /* GameTimer.swift in Sources */,
				9BECB3F4216CE56D00B70814 /* Card.swift in Sources */,
				9BF08D732180E69900827788 /* ScoreBoard.swift in Sources */,
				9B3DBDAB21B0627B005DE644 /* SavedGame.swift in Sources */,
				9BEA13F12194DF5E0066BBF7 /* HomeViewController.swift in Sources */,
				9BEA13F92194E2DF0066BBF7 /* ScoreTableViewCell.swift in Sources */,
				9BEA13F32194E0B40066BBF7 /* ScoreService.swift in Sources */,
				9BECB3E1216CE43B00B70814 /* AppDelegate.swift in Sources */,
				9B5FBA522194D66B00DCB96B /* Score.swift in Sources */,
				9B888E6321D6D2BC00B60D29 /* ScoreLabel.swift in Sources */,
				9B62137A2174F696008679B2 /* CardButton.swift in Sources */,
			);
			runOnlyForDeploymentPostprocessing = 0;
		};
		9BF08D742180F8B600827788 /* Sources */ = {
			isa = PBXSourcesBuildPhase;
			buildActionMask = 2147483647;
			files = (
				9BF08D7B2180F8B700827788 /* SetTests.swift in Sources */,
			);
			runOnlyForDeploymentPostprocessing = 0;
		};
/* End PBXSourcesBuildPhase section */

/* Begin PBXTargetDependency section */
		9BF08D7E2180F8B700827788 /* PBXTargetDependency */ = {
			isa = PBXTargetDependency;
			target = 9BECB3DC216CE43B00B70814 /* Set */;
			targetProxy = 9BF08D7D2180F8B700827788 /* PBXContainerItemProxy */;
		};
/* End PBXTargetDependency section */

/* Begin PBXVariantGroup section */
		9BECB3E4216CE43B00B70814 /* Main.storyboard */ = {
			isa = PBXVariantGroup;
			children = (
				9BECB3E5216CE43B00B70814 /* Base */,
			);
			name = Main.storyboard;
			sourceTree = "<group>";
		};
		9BECB3E9216CE43C00B70814 /* LaunchScreen.storyboard */ = {
			isa = PBXVariantGroup;
			children = (
				9BECB3EA216CE43C00B70814 /* Base */,
			);
			name = LaunchScreen.storyboard;
			sourceTree = "<group>";
		};
/* End PBXVariantGroup section */

/* Begin XCBuildConfiguration section */
		9BECB3ED216CE43C00B70814 /* Debug */ = {
			isa = XCBuildConfiguration;
			buildSettings = {
				ALWAYS_SEARCH_USER_PATHS = NO;
				CLANG_ANALYZER_NONNULL = YES;
				CLANG_ANALYZER_NUMBER_OBJECT_CONVERSION = YES_AGGRESSIVE;
				CLANG_CXX_LANGUAGE_STANDARD = "gnu++14";
				CLANG_CXX_LIBRARY = "libc++";
				CLANG_ENABLE_MODULES = YES;
				CLANG_ENABLE_OBJC_ARC = YES;
				CLANG_ENABLE_OBJC_WEAK = YES;
				CLANG_WARN_BLOCK_CAPTURE_AUTORELEASING = YES;
				CLANG_WARN_BOOL_CONVERSION = YES;
				CLANG_WARN_COMMA = YES;
				CLANG_WARN_CONSTANT_CONVERSION = YES;
				CLANG_WARN_DEPRECATED_OBJC_IMPLEMENTATIONS = YES;
				CLANG_WARN_DIRECT_OBJC_ISA_USAGE = YES_ERROR;
				CLANG_WARN_DOCUMENTATION_COMMENTS = YES;
				CLANG_WARN_EMPTY_BODY = YES;
				CLANG_WARN_ENUM_CONVERSION = YES;
				CLANG_WARN_INFINITE_RECURSION = YES;
				CLANG_WARN_INT_CONVERSION = YES;
				CLANG_WARN_NON_LITERAL_NULL_CONVERSION = YES;
				CLANG_WARN_OBJC_IMPLICIT_RETAIN_SELF = YES;
				CLANG_WARN_OBJC_LITERAL_CONVERSION = YES;
				CLANG_WARN_OBJC_ROOT_CLASS = YES_ERROR;
				CLANG_WARN_RANGE_LOOP_ANALYSIS = YES;
				CLANG_WARN_STRICT_PROTOTYPES = YES;
				CLANG_WARN_SUSPICIOUS_MOVE = YES;
				CLANG_WARN_UNGUARDED_AVAILABILITY = YES_AGGRESSIVE;
				CLANG_WARN_UNREACHABLE_CODE = YES;
				CLANG_WARN__DUPLICATE_METHOD_MATCH = YES;
				CODE_SIGN_IDENTITY = "iPhone Developer";
				COPY_PHASE_STRIP = NO;
				DEBUG_INFORMATION_FORMAT = dwarf;
				ENABLE_STRICT_OBJC_MSGSEND = YES;
				ENABLE_TESTABILITY = YES;
				GCC_C_LANGUAGE_STANDARD = gnu11;
				GCC_DYNAMIC_NO_PIC = NO;
				GCC_NO_COMMON_BLOCKS = YES;
				GCC_OPTIMIZATION_LEVEL = 0;
				GCC_PREPROCESSOR_DEFINITIONS = (
					"DEBUG=1",
					"$(inherited)",
				);
				GCC_WARN_64_TO_32_BIT_CONVERSION = YES;
				GCC_WARN_ABOUT_RETURN_TYPE = YES_ERROR;
				GCC_WARN_UNDECLARED_SELECTOR = YES;
				GCC_WARN_UNINITIALIZED_AUTOS = YES_AGGRESSIVE;
				GCC_WARN_UNUSED_FUNCTION = YES;
				GCC_WARN_UNUSED_VARIABLE = YES;
				IPHONEOS_DEPLOYMENT_TARGET = 12.0;
				MTL_ENABLE_DEBUG_INFO = INCLUDE_SOURCE;
				MTL_FAST_MATH = YES;
				ONLY_ACTIVE_ARCH = YES;
				SDKROOT = iphoneos;
				SWIFT_ACTIVE_COMPILATION_CONDITIONS = DEBUG;
				SWIFT_OPTIMIZATION_LEVEL = "-Onone";
			};
			name = Debug;
		};
		9BECB3EE216CE43C00B70814 /* Release */ = {
			isa = XCBuildConfiguration;
			buildSettings = {
				ALWAYS_SEARCH_USER_PATHS = NO;
				CLANG_ANALYZER_NONNULL = YES;
				CLANG_ANALYZER_NUMBER_OBJECT_CONVERSION = YES_AGGRESSIVE;
				CLANG_CXX_LANGUAGE_STANDARD = "gnu++14";
				CLANG_CXX_LIBRARY = "libc++";
				CLANG_ENABLE_MODULES = YES;
				CLANG_ENABLE_OBJC_ARC = YES;
				CLANG_ENABLE_OBJC_WEAK = YES;
				CLANG_WARN_BLOCK_CAPTURE_AUTORELEASING = YES;
				CLANG_WARN_BOOL_CONVERSION = YES;
				CLANG_WARN_COMMA = YES;
				CLANG_WARN_CONSTANT_CONVERSION = YES;
				CLANG_WARN_DEPRECATED_OBJC_IMPLEMENTATIONS = YES;
				CLANG_WARN_DIRECT_OBJC_ISA_USAGE = YES_ERROR;
				CLANG_WARN_DOCUMENTATION_COMMENTS = YES;
				CLANG_WARN_EMPTY_BODY = YES;
				CLANG_WARN_ENUM_CONVERSION = YES;
				CLANG_WARN_INFINITE_RECURSION = YES;
				CLANG_WARN_INT_CONVERSION = YES;
				CLANG_WARN_NON_LITERAL_NULL_CONVERSION = YES;
				CLANG_WARN_OBJC_IMPLICIT_RETAIN_SELF = YES;
				CLANG_WARN_OBJC_LITERAL_CONVERSION = YES;
				CLANG_WARN_OBJC_ROOT_CLASS = YES_ERROR;
				CLANG_WARN_RANGE_LOOP_ANALYSIS = YES;
				CLANG_WARN_STRICT_PROTOTYPES = YES;
				CLANG_WARN_SUSPICIOUS_MOVE = YES;
				CLANG_WARN_UNGUARDED_AVAILABILITY = YES_AGGRESSIVE;
				CLANG_WARN_UNREACHABLE_CODE = YES;
				CLANG_WARN__DUPLICATE_METHOD_MATCH = YES;
				CODE_SIGN_IDENTITY = "iPhone Developer";
				COPY_PHASE_STRIP = NO;
				DEBUG_INFORMATION_FORMAT = "dwarf-with-dsym";
				ENABLE_NS_ASSERTIONS = NO;
				ENABLE_STRICT_OBJC_MSGSEND = YES;
				GCC_C_LANGUAGE_STANDARD = gnu11;
				GCC_NO_COMMON_BLOCKS = YES;
				GCC_WARN_64_TO_32_BIT_CONVERSION = YES;
				GCC_WARN_ABOUT_RETURN_TYPE = YES_ERROR;
				GCC_WARN_UNDECLARED_SELECTOR = YES;
				GCC_WARN_UNINITIALIZED_AUTOS = YES_AGGRESSIVE;
				GCC_WARN_UNUSED_FUNCTION = YES;
				GCC_WARN_UNUSED_VARIABLE = YES;
				IPHONEOS_DEPLOYMENT_TARGET = 12.0;
				MTL_ENABLE_DEBUG_INFO = NO;
				MTL_FAST_MATH = YES;
				SDKROOT = iphoneos;
				SWIFT_COMPILATION_MODE = wholemodule;
				SWIFT_OPTIMIZATION_LEVEL = "-O";
				VALIDATE_PRODUCT = YES;
			};
			name = Release;
		};
		9BECB3F0216CE43C00B70814 /* Debug */ = {
			isa = XCBuildConfiguration;
			baseConfigurationReference = F68F4B27C0088DB935E19829 /* Pods-Set.debug.xcconfig */;
			buildSettings = {
				ASSETCATALOG_COMPILER_APPICON_NAME = AppIcon;
				CODE_SIGN_IDENTITY = "iPhone Developer";
				CODE_SIGN_STYLE = Automatic;
				DEVELOPMENT_TEAM = 6X828XTLSL;
				INFOPLIST_FILE = Set/Info.plist;
				IPHONEOS_DEPLOYMENT_TARGET = 11.0;
				LD_RUNPATH_SEARCH_PATHS = (
					"$(inherited)",
					"@executable_path/Frameworks",
				);
				PRODUCT_BUNDLE_IDENTIFIER = nl.martenbiesheuvel.Unify;
				PRODUCT_NAME = "$(TARGET_NAME)";
				PROVISIONING_PROFILE_SPECIFIER = "";
				SWIFT_VERSION = 4.2;
				TARGETED_DEVICE_FAMILY = "1,2";
			};
			name = Debug;
		};
		9BECB3F1216CE43C00B70814 /* Release */ = {
			isa = XCBuildConfiguration;
			baseConfigurationReference = EE5E4BAA99A117188A1EFFA9 /* Pods-Set.release.xcconfig */;
			buildSettings = {
				ASSETCATALOG_COMPILER_APPICON_NAME = AppIcon;
				CODE_SIGN_IDENTITY = "iPhone Developer";
				CODE_SIGN_STYLE = Automatic;
				DEVELOPMENT_TEAM = 6X828XTLSL;
				INFOPLIST_FILE = Set/Info.plist;
				IPHONEOS_DEPLOYMENT_TARGET = 11.0;
				LD_RUNPATH_SEARCH_PATHS = (
					"$(inherited)",
					"@executable_path/Frameworks",
				);
				PRODUCT_BUNDLE_IDENTIFIER = nl.martenbiesheuvel.Unify;
				PRODUCT_NAME = "$(TARGET_NAME)";
				PROVISIONING_PROFILE_SPECIFIER = "";
				SWIFT_VERSION = 4.2;
				TARGETED_DEVICE_FAMILY = "1,2";
			};
			name = Release;
		};
		9BF08D802180F8B700827788 /* Debug */ = {
			isa = XCBuildConfiguration;
			baseConfigurationReference = C9BEDC183FE8D832B2257DF4 /* Pods-SetTests.debug.xcconfig */;
			buildSettings = {
				BUNDLE_LOADER = "$(TEST_HOST)";
				CODE_SIGN_STYLE = Automatic;
				DEVELOPMENT_TEAM = 6X828XTLSL;
				INFOPLIST_FILE = SetTests/Info.plist;
				LD_RUNPATH_SEARCH_PATHS = (
					"$(inherited)",
					"@executable_path/Frameworks",
					"@loader_path/Frameworks",
				);
				PRODUCT_BUNDLE_IDENTIFIER = nl.martenbiesheuvel.SetTests;
				PRODUCT_NAME = "$(TARGET_NAME)";
				SWIFT_VERSION = 4.2;
				TARGETED_DEVICE_FAMILY = "1,2";
				TEST_HOST = "$(BUILT_PRODUCTS_DIR)/Set.app/Set";
			};
			name = Debug;
		};
		9BF08D812180F8B700827788 /* Release */ = {
			isa = XCBuildConfiguration;
			baseConfigurationReference = D883F557CDBE0FE2DEDEB65E /* Pods-SetTests.release.xcconfig */;
			buildSettings = {
				BUNDLE_LOADER = "$(TEST_HOST)";
				CODE_SIGN_STYLE = Automatic;
				DEVELOPMENT_TEAM = 6X828XTLSL;
				INFOPLIST_FILE = SetTests/Info.plist;
				LD_RUNPATH_SEARCH_PATHS = (
					"$(inherited)",
					"@executable_path/Frameworks",
					"@loader_path/Frameworks",
				);
				PRODUCT_BUNDLE_IDENTIFIER = nl.martenbiesheuvel.SetTests;
				PRODUCT_NAME = "$(TARGET_NAME)";
				SWIFT_VERSION = 4.2;
				TARGETED_DEVICE_FAMILY = "1,2";
				TEST_HOST = "$(BUILT_PRODUCTS_DIR)/Set.app/Set";
			};
			name = Release;
		};
/* End XCBuildConfiguration section */

/* Begin XCConfigurationList section */
		9BECB3D8216CE43B00B70814 /* Build configuration list for PBXProject "Set" */ = {
			isa = XCConfigurationList;
			buildConfigurations = (
				9BECB3ED216CE43C00B70814 /* Debug */,
				9BECB3EE216CE43C00B70814 /* Release */,
			);
			defaultConfigurationIsVisible = 0;
			defaultConfigurationName = Release;
		};
		9BECB3EF216CE43C00B70814 /* Build configuration list for PBXNativeTarget "Set" */ = {
			isa = XCConfigurationList;
			buildConfigurations = (
				9BECB3F0216CE43C00B70814 /* Debug */,
				9BECB3F1216CE43C00B70814 /* Release */,
			);
			defaultConfigurationIsVisible = 0;
			defaultConfigurationName = Release;
		};
		9BF08D7F2180F8B700827788 /* Build configuration list for PBXNativeTarget "SetTests" */ = {
			isa = XCConfigurationList;
			buildConfigurations = (
				9BF08D802180F8B700827788 /* Debug */,
				9BF08D812180F8B700827788 /* Release */,
			);
			defaultConfigurationIsVisible = 0;
			defaultConfigurationName = Release;
		};
/* End XCConfigurationList section */
	};
	rootObject = 9BECB3D5216CE43B00B70814 /* Project object */;
}
